// !$*UTF8*$!
{
	archiveVersion = 1;
	classes = {
	};
	objectVersion = 50;
	objects = {

/* Begin PBXBuildFile section */
		AAD853122363C56F00F5E079 /* AppDelegate.swift in Sources */ = {isa = PBXBuildFile; fileRef = AAD853112363C56F00F5E079 /* AppDelegate.swift */; };
		AAD853142363C56F00F5E079 /* SceneDelegate.swift in Sources */ = {isa = PBXBuildFile; fileRef = AAD853132363C56F00F5E079 /* SceneDelegate.swift */; };
		AAD853162363C56F00F5E079 /* ViewController.swift in Sources */ = {isa = PBXBuildFile; fileRef = AAD853152363C56F00F5E079 /* ViewController.swift */; };
		AAD853192363C56F00F5E079 /* Main.storyboard in Resources */ = {isa = PBXBuildFile; fileRef = AAD853172363C56F00F5E079 /* Main.storyboard */; };
		AAD8531B2363C57100F5E079 /* Assets.xcassets in Resources */ = {isa = PBXBuildFile; fileRef = AAD8531A2363C57100F5E079 /* Assets.xcassets */; };
		AAD8531E2363C57100F5E079 /* LaunchScreen.storyboard in Resources */ = {isa = PBXBuildFile; fileRef = AAD8531C2363C57100F5E079 /* LaunchScreen.storyboard */; };
		AAD853272363C68200F5E079 /* TrueGaze.framework in Frameworks */ = {isa = PBXBuildFile; fileRef = AAD853252363C67B00F5E079 /* TrueGaze.framework */; };
		AAD853282363C68200F5E079 /* TrueGaze.framework in Embed Frameworks */ = {isa = PBXBuildFile; fileRef = AAD853252363C67B00F5E079 /* TrueGaze.framework */; settings = {ATTRIBUTES = (CodeSignOnCopy, RemoveHeadersOnCopy, ); }; };
		AAD8532B2363C6DB00F5E079 /* GazeData.swift in Sources */ = {isa = PBXBuildFile; fileRef = AAD8532A2363C6DB00F5E079 /* GazeData.swift */; };
		AAD8532D2363C9FA00F5E079 /* WebViewController.swift in Sources */ = {isa = PBXBuildFile; fileRef = AAD8532C2363C9FA00F5E079 /* WebViewController.swift */; };
		AAD8532F2363CD8500F5E079 /* WebData.swift in Sources */ = {isa = PBXBuildFile; fileRef = AAD8532E2363CD8500F5E079 /* WebData.swift */; };
		AAD853312363E28D00F5E079 /* sendGazeToApp.js in Resources */ = {isa = PBXBuildFile; fileRef = AAD853302363E28D00F5E079 /* sendGazeToApp.js */; };
		AAD853332363E3B000F5E079 /* setOnce.js in Resources */ = {isa = PBXBuildFile; fileRef = AAD853322363E3AF00F5E079 /* setOnce.js */; };
		AAD853352363E49F00F5E079 /* parseWebpageOnce.js in Resources */ = {isa = PBXBuildFile; fileRef = AAD853342363E49F00F5E079 /* parseWebpageOnce.js */; };
		AAD85337236557EE00F5E079 /* setCanvasOnce.js in Resources */ = {isa = PBXBuildFile; fileRef = AAD85336236557EE00F5E079 /* setCanvasOnce.js */; };
/* End PBXBuildFile section */

/* Begin PBXCopyFilesBuildPhase section */
		AAD853292363C68200F5E079 /* Embed Frameworks */ = {
			isa = PBXCopyFilesBuildPhase;
			buildActionMask = 2147483647;
			dstPath = "";
			dstSubfolderSpec = 10;
			files = (
				AAD853282363C68200F5E079 /* TrueGaze.framework in Embed Frameworks */,
			);
			name = "Embed Frameworks";
			runOnlyForDeploymentPostprocessing = 0;
		};
/* End PBXCopyFilesBuildPhase section */

/* Begin PBXFileReference section */
		AAD8530E2363C56F00F5E079 /* WebGazeBasics.app */ = {isa = PBXFileReference; explicitFileType = wrapper.application; includeInIndex = 0; path = WebGazeBasics.app; sourceTree = BUILT_PRODUCTS_DIR; };
		AAD853112363C56F00F5E079 /* AppDelegate.swift */ = {isa = PBXFileReference; lastKnownFileType = sourcecode.swift; path = AppDelegate.swift; sourceTree = "<group>"; };
		AAD853132363C56F00F5E079 /* SceneDelegate.swift */ = {isa = PBXFileReference; lastKnownFileType = sourcecode.swift; path = SceneDelegate.swift; sourceTree = "<group>"; };
		AAD853152363C56F00F5E079 /* ViewController.swift */ = {isa = PBXFileReference; lastKnownFileType = sourcecode.swift; path = ViewController.swift; sourceTree = "<group>"; };
		AAD853182363C56F00F5E079 /* Base */ = {isa = PBXFileReference; lastKnownFileType = file.storyboard; name = Base; path = Base.lproj/Main.storyboard; sourceTree = "<group>"; };
		AAD8531A2363C57100F5E079 /* Assets.xcassets */ = {isa = PBXFileReference; lastKnownFileType = folder.assetcatalog; path = Assets.xcassets; sourceTree = "<group>"; };
		AAD8531D2363C57100F5E079 /* Base */ = {isa = PBXFileReference; lastKnownFileType = file.storyboard; name = Base; path = Base.lproj/LaunchScreen.storyboard; sourceTree = "<group>"; };
		AAD8531F2363C57100F5E079 /* Info.plist */ = {isa = PBXFileReference; lastKnownFileType = text.plist.xml; path = Info.plist; sourceTree = "<group>"; };
		AAD853252363C67B00F5E079 /* TrueGaze.framework */ = {isa = PBXFileReference; lastKnownFileType = wrapper.framework; path = TrueGaze.framework; sourceTree = "<group>"; };
		AAD8532A2363C6DB00F5E079 /* GazeData.swift */ = {isa = PBXFileReference; fileEncoding = 4; lastKnownFileType = sourcecode.swift; path = GazeData.swift; sourceTree = "<group>"; };
		AAD8532C2363C9FA00F5E079 /* WebViewController.swift */ = {isa = PBXFileReference; fileEncoding = 4; lastKnownFileType = sourcecode.swift; path = WebViewController.swift; sourceTree = "<group>"; };
		AAD8532E2363CD8500F5E079 /* WebData.swift */ = {isa = PBXFileReference; fileEncoding = 4; lastKnownFileType = sourcecode.swift; path = WebData.swift; sourceTree = "<group>"; };
		AAD853302363E28D00F5E079 /* sendGazeToApp.js */ = {isa = PBXFileReference; fileEncoding = 4; lastKnownFileType = sourcecode.javascript; path = sendGazeToApp.js; sourceTree = "<group>"; };
		AAD853322363E3AF00F5E079 /* setOnce.js */ = {isa = PBXFileReference; fileEncoding = 4; lastKnownFileType = sourcecode.javascript; path = setOnce.js; sourceTree = "<group>"; };
		AAD853342363E49F00F5E079 /* parseWebpageOnce.js */ = {isa = PBXFileReference; fileEncoding = 4; lastKnownFileType = sourcecode.javascript; path = parseWebpageOnce.js; sourceTree = "<group>"; };
		AAD85336236557EE00F5E079 /* setCanvasOnce.js */ = {isa = PBXFileReference; fileEncoding = 4; lastKnownFileType = sourcecode.javascript; path = setCanvasOnce.js; sourceTree = "<group>"; };
/* End PBXFileReference section */

/* Begin PBXFrameworksBuildPhase section */
		AAD8530B2363C56F00F5E079 /* Frameworks */ = {
			isa = PBXFrameworksBuildPhase;
			buildActionMask = 2147483647;
			files = (
				AAD853272363C68200F5E079 /* TrueGaze.framework in Frameworks */,
			);
			runOnlyForDeploymentPostprocessing = 0;
		};
/* End PBXFrameworksBuildPhase section */

/* Begin PBXGroup section */
		AAD853052363C56F00F5E079 = {
			isa = PBXGroup;
			children = (
				AAD853102363C56F00F5E079 /* WebGazeBasics */,
				AAD8530F2363C56F00F5E079 /* Products */,
			);
			sourceTree = "<group>";
		};
		AAD8530F2363C56F00F5E079 /* Products */ = {
			isa = PBXGroup;
			children = (
				AAD8530E2363C56F00F5E079 /* WebGazeBasics.app */,
			);
			name = Products;
			sourceTree = "<group>";
		};
		AAD853102363C56F00F5E079 /* WebGazeBasics */ = {
			isa = PBXGroup;
			children = (
				AAD853112363C56F00F5E079 /* AppDelegate.swift */,
				AAD853132363C56F00F5E079 /* SceneDelegate.swift */,
				AAD853152363C56F00F5E079 /* ViewController.swift */,
				AAD8532C2363C9FA00F5E079 /* WebViewController.swift */,
				AAD8532A2363C6DB00F5E079 /* GazeData.swift */,
				AAD8532E2363CD8500F5E079 /* WebData.swift */,
				AAD853172363C56F00F5E079 /* Main.storyboard */,
				AAD853322363E3AF00F5E079 /* setOnce.js */,
				AAD853342363E49F00F5E079 /* parseWebpageOnce.js */,
				AAD853302363E28D00F5E079 /* sendGazeToApp.js */,
				AAD8531A2363C57100F5E079 /* Assets.xcassets */,
				AAD8531C2363C57100F5E079 /* LaunchScreen.storyboard */,
				AAD8531F2363C57100F5E079 /* Info.plist */,
				AAD85336236557EE00F5E079 /* setCanvasOnce.js */,
				AAD853252363C67B00F5E079 /* TrueGaze.framework */,
			);
			path = WebGazeBasics;
			sourceTree = "<group>";
		};
/* End PBXGroup section */

/* Begin PBXNativeTarget section */
		AAD8530D2363C56F00F5E079 /* WebGazeBasics */ = {
			isa = PBXNativeTarget;
			buildConfigurationList = AAD853222363C57100F5E079 /* Build configuration list for PBXNativeTarget "WebGazeBasics" */;
			buildPhases = (
				AAD8530A2363C56F00F5E079 /* Sources */,
				AAD8530B2363C56F00F5E079 /* Frameworks */,
				AAD8530C2363C56F00F5E079 /* Resources */,
				AAD853292363C68200F5E079 /* Embed Frameworks */,
			);
			buildRules = (
			);
			dependencies = (
			);
			name = WebGazeBasics;
			productName = WebGazeBasics;
			productReference = AAD8530E2363C56F00F5E079 /* WebGazeBasics.app */;
			productType = "com.apple.product-type.application";
		};
/* End PBXNativeTarget section */

/* Begin PBXProject section */
		AAD853062363C56F00F5E079 /* Project object */ = {
			isa = PBXProject;
			attributes = {
				LastSwiftUpdateCheck = 1110;
				LastUpgradeCheck = 1110;
				ORGANIZATIONNAME = Visualcamp;
				TargetAttributes = {
					AAD8530D2363C56F00F5E079 = {
						CreatedOnToolsVersion = 11.1;
					};
				};
			};
			buildConfigurationList = AAD853092363C56F00F5E079 /* Build configuration list for PBXProject "WebGazeBasics" */;
			compatibilityVersion = "Xcode 9.3";
			developmentRegion = en;
			hasScannedForEncodings = 0;
			knownRegions = (
				en,
				Base,
			);
			mainGroup = AAD853052363C56F00F5E079;
			productRefGroup = AAD8530F2363C56F00F5E079 /* Products */;
			projectDirPath = "";
			projectRoot = "";
			targets = (
				AAD8530D2363C56F00F5E079 /* WebGazeBasics */,
			);
		};
/* End PBXProject section */

/* Begin PBXResourcesBuildPhase section */
		AAD8530C2363C56F00F5E079 /* Resources */ = {
			isa = PBXResourcesBuildPhase;
			buildActionMask = 2147483647;
			files = (
				AAD8531E2363C57100F5E079 /* LaunchScreen.storyboard in Resources */,
				AAD853312363E28D00F5E079 /* sendGazeToApp.js in Resources */,
				AAD85337236557EE00F5E079 /* setCanvasOnce.js in Resources */,
				AAD853332363E3B000F5E079 /* setOnce.js in Resources */,
				AAD8531B2363C57100F5E079 /* Assets.xcassets in Resources */,
				AAD853192363C56F00F5E079 /* Main.storyboard in Resources */,
				AAD853352363E49F00F5E079 /* parseWebpageOnce.js in Resources */,
			);
			runOnlyForDeploymentPostprocessing = 0;
		};
/* End PBXResourcesBuildPhase section */

/* Begin PBXSourcesBuildPhase section */
		AAD8530A2363C56F00F5E079 /* Sources */ = {
			isa = PBXSourcesBuildPhase;
			buildActionMask = 2147483647;
			files = (
				AAD8532F2363CD8500F5E079 /* WebData.swift in Sources */,
				AAD8532B2363C6DB00F5E079 /* GazeData.swift in Sources */,
				AAD853162363C56F00F5E079 /* ViewController.swift in Sources */,
				AAD853122363C56F00F5E079 /* AppDelegate.swift in Sources */,
				AAD8532D2363C9FA00F5E079 /* WebViewController.swift in Sources */,
				AAD853142363C56F00F5E079 /* SceneDelegate.swift in Sources */,
			);
			runOnlyForDeploymentPostprocessing = 0;
		};
/* End PBXSourcesBuildPhase section */

/* Begin PBXVariantGroup section */
		AAD853172363C56F00F5E079 /* Main.storyboard */ = {
			isa = PBXVariantGroup;
			children = (
				AAD853182363C56F00F5E079 /* Base */,
			);
			name = Main.storyboard;
			sourceTree = "<group>";
		};
		AAD8531C2363C57100F5E079 /* LaunchScreen.storyboard */ = {
			isa = PBXVariantGroup;
			children = (
				AAD8531D2363C57100F5E079 /* Base */,
			);
			name = LaunchScreen.storyboard;
			sourceTree = "<group>";
		};
/* End PBXVariantGroup section */

/* Begin XCBuildConfiguration section */
		AAD853202363C57100F5E079 /* Debug */ = {
			isa = XCBuildConfiguration;
			buildSettings = {
				ALWAYS_SEARCH_USER_PATHS = NO;
				CLANG_ANALYZER_NONNULL = YES;
				CLANG_ANALYZER_NUMBER_OBJECT_CONVERSION = YES_AGGRESSIVE;
				CLANG_CXX_LANGUAGE_STANDARD = "gnu++14";
				CLANG_CXX_LIBRARY = "libc++";
				CLANG_ENABLE_MODULES = YES;
				CLANG_ENABLE_OBJC_ARC = YES;
				CLANG_ENABLE_OBJC_WEAK = YES;
				CLANG_WARN_BLOCK_CAPTURE_AUTORELEASING = YES;
				CLANG_WARN_BOOL_CONVERSION = YES;
				CLANG_WARN_COMMA = YES;
				CLANG_WARN_CONSTANT_CONVERSION = YES;
				CLANG_WARN_DEPRECATED_OBJC_IMPLEMENTATIONS = YES;
				CLANG_WARN_DIRECT_OBJC_ISA_USAGE = YES_ERROR;
				CLANG_WARN_DOCUMENTATION_COMMENTS = YES;
				CLANG_WARN_EMPTY_BODY = YES;
				CLANG_WARN_ENUM_CONVERSION = YES;
				CLANG_WARN_INFINITE_RECURSION = YES;
				CLANG_WARN_INT_CONVERSION = YES;
				CLANG_WARN_NON_LITERAL_NULL_CONVERSION = YES;
				CLANG_WARN_OBJC_IMPLICIT_RETAIN_SELF = YES;
				CLANG_WARN_OBJC_LITERAL_CONVERSION = YES;
				CLANG_WARN_OBJC_ROOT_CLASS = YES_ERROR;
				CLANG_WARN_RANGE_LOOP_ANALYSIS = YES;
				CLANG_WARN_STRICT_PROTOTYPES = YES;
				CLANG_WARN_SUSPICIOUS_MOVE = YES;
				CLANG_WARN_UNGUARDED_AVAILABILITY = YES_AGGRESSIVE;
				CLANG_WARN_UNREACHABLE_CODE = YES;
				CLANG_WARN__DUPLICATE_METHOD_MATCH = YES;
				COPY_PHASE_STRIP = NO;
				DEBUG_INFORMATION_FORMAT = dwarf;
				ENABLE_STRICT_OBJC_MSGSEND = YES;
				ENABLE_TESTABILITY = YES;
				GCC_C_LANGUAGE_STANDARD = gnu11;
				GCC_DYNAMIC_NO_PIC = NO;
				GCC_NO_COMMON_BLOCKS = YES;
				GCC_OPTIMIZATION_LEVEL = 0;
				GCC_PREPROCESSOR_DEFINITIONS = (
					"DEBUG=1",
					"$(inherited)",
				);
				GCC_WARN_64_TO_32_BIT_CONVERSION = YES;
				GCC_WARN_ABOUT_RETURN_TYPE = YES_ERROR;
				GCC_WARN_UNDECLARED_SELECTOR = YES;
				GCC_WARN_UNINITIALIZED_AUTOS = YES_AGGRESSIVE;
				GCC_WARN_UNUSED_FUNCTION = YES;
				GCC_WARN_UNUSED_VARIABLE = YES;
				IPHONEOS_DEPLOYMENT_TARGET = 13.1;
				MTL_ENABLE_DEBUG_INFO = INCLUDE_SOURCE;
				MTL_FAST_MATH = YES;
				ONLY_ACTIVE_ARCH = YES;
				SDKROOT = iphoneos;
				SWIFT_ACTIVE_COMPILATION_CONDITIONS = DEBUG;
				SWIFT_OPTIMIZATION_LEVEL = "-Onone";
			};
			name = Debug;
		};
		AAD853212363C57100F5E079 /* Release */ = {
			isa = XCBuildConfiguration;
			buildSettings = {
				ALWAYS_SEARCH_USER_PATHS = NO;
				CLANG_ANALYZER_NONNULL = YES;
				CLANG_ANALYZER_NUMBER_OBJECT_CONVERSION = YES_AGGRESSIVE;
				CLANG_CXX_LANGUAGE_STANDARD = "gnu++14";
				CLANG_CXX_LIBRARY = "libc++";
				CLANG_ENABLE_MODULES = YES;
				CLANG_ENABLE_OBJC_ARC = YES;
				CLANG_ENABLE_OBJC_WEAK = YES;
				CLANG_WARN_BLOCK_CAPTURE_AUTORELEASING = YES;
				CLANG_WARN_BOOL_CONVERSION = YES;
				CLANG_WARN_COMMA = YES;
				CLANG_WARN_CONSTANT_CONVERSION = YES;
				CLANG_WARN_DEPRECATED_OBJC_IMPLEMENTATIONS = YES;
				CLANG_WARN_DIRECT_OBJC_ISA_USAGE = YES_ERROR;
				CLANG_WARN_DOCUMENTATION_COMMENTS = YES;
				CLANG_WARN_EMPTY_BODY = YES;
				CLANG_WARN_ENUM_CONVERSION = YES;
				CLANG_WARN_INFINITE_RECURSION = YES;
				CLANG_WARN_INT_CONVERSION = YES;
				CLANG_WARN_NON_LITERAL_NULL_CONVERSION = YES;
				CLANG_WARN_OBJC_IMPLICIT_RETAIN_SELF = YES;
				CLANG_WARN_OBJC_LITERAL_CONVERSION = YES;
				CLANG_WARN_OBJC_ROOT_CLASS = YES_ERROR;
				CLANG_WARN_RANGE_LOOP_ANALYSIS = YES;
				CLANG_WARN_STRICT_PROTOTYPES = YES;
				CLANG_WARN_SUSPICIOUS_MOVE = YES;
				CLANG_WARN_UNGUARDED_AVAILABILITY = YES_AGGRESSIVE;
				CLANG_WARN_UNREACHABLE_CODE = YES;
				CLANG_WARN__DUPLICATE_METHOD_MATCH = YES;
				COPY_PHASE_STRIP = NO;
				DEBUG_INFORMATION_FORMAT = "dwarf-with-dsym";
				ENABLE_NS_ASSERTIONS = NO;
				ENABLE_STRICT_OBJC_MSGSEND = YES;
				GCC_C_LANGUAGE_STANDARD = gnu11;
				GCC_NO_COMMON_BLOCKS = YES;
				GCC_WARN_64_TO_32_BIT_CONVERSION = YES;
				GCC_WARN_ABOUT_RETURN_TYPE = YES_ERROR;
				GCC_WARN_UNDECLARED_SELECTOR = YES;
				GCC_WARN_UNINITIALIZED_AUTOS = YES_AGGRESSIVE;
				GCC_WARN_UNUSED_FUNCTION = YES;
				GCC_WARN_UNUSED_VARIABLE = YES;
				IPHONEOS_DEPLOYMENT_TARGET = 13.1;
				MTL_ENABLE_DEBUG_INFO = NO;
				MTL_FAST_MATH = YES;
				SDKROOT = iphoneos;
				SWIFT_COMPILATION_MODE = wholemodule;
				SWIFT_OPTIMIZATION_LEVEL = "-O";
				VALIDATE_PRODUCT = YES;
			};
			name = Release;
		};
		AAD853232363C57100F5E079 /* Debug */ = {
			isa = XCBuildConfiguration;
			buildSettings = {
				ASSETCATALOG_COMPILER_APPICON_NAME = AppIcon;
				CODE_SIGN_STYLE = Automatic;
				DEVELOPMENT_TEAM = BMGDL6J6CA;
				FRAMEWORK_SEARCH_PATHS = (
					"$(inherited)",
					"$(PROJECT_DIR)/WebGazeBasics",
				);
				INFOPLIST_FILE = WebGazeBasics/Info.plist;
				IPHONEOS_DEPLOYMENT_TARGET = 11.1;
				LD_RUNPATH_SEARCH_PATHS = (
					"$(inherited)",
					"@executable_path/Frameworks",
				);
				PRODUCT_BUNDLE_IDENTIFIER = camp.visual.WebGazeBasics;
				PRODUCT_NAME = "$(TARGET_NAME)";
				SWIFT_VERSION = 5.0;
				TARGETED_DEVICE_FAMILY = "1,2";
			};
			name = Debug;
		};
		AAD853242363C57100F5E079 /* Release */ = {
			isa = XCBuildConfiguration;
			buildSettings = {
				ASSETCATALOG_COMPILER_APPICON_NAME = AppIcon;
				CODE_SIGN_STYLE = Automatic;
				DEVELOPMENT_TEAM = BMGDL6J6CA;
				FRAMEWORK_SEARCH_PATHS = (
					"$(inherited)",
					"$(PROJECT_DIR)/WebGazeBasics",
				);
				INFOPLIST_FILE = WebGazeBasics/Info.plist;
				IPHONEOS_DEPLOYMENT_TARGET = 11.1;
				LD_RUNPATH_SEARCH_PATHS = (
					"$(inherited)",
					"@executable_path/Frameworks",
				);
				PRODUCT_BUNDLE_IDENTIFIER = camp.visual.WebGazeBasics;
				PRODUCT_NAME = "$(TARGET_NAME)";
				SWIFT_VERSION = 5.0;
				TARGETED_DEVICE_FAMILY = "1,2";
			};
			name = Release;
		};
/* End XCBuildConfiguration section */

/* Begin XCConfigurationList section */
		AAD853092363C56F00F5E079 /* Build configuration list for PBXProject "WebGazeBasics" */ = {
			isa = XCConfigurationList;
			buildConfigurations = (
				AAD853202363C57100F5E079 /* Debug */,
				AAD853212363C57100F5E079 /* Release */,
			);
			defaultConfigurationIsVisible = 0;
			defaultConfigurationName = Release;
		};
		AAD853222363C57100F5E079 /* Build configuration list for PBXNativeTarget "WebGazeBasics" */ = {
			isa = XCConfigurationList;
			buildConfigurations = (
				AAD853232363C57100F5E079 /* Debug */,
				AAD853242363C57100F5E079 /* Release */,
			);
			defaultConfigurationIsVisible = 0;
			defaultConfigurationName = Release;
		};
/* End XCConfigurationList section */
	};
	rootObject = AAD853062363C56F00F5E079 /* Project object */;
}
